
Microsoft Visual Studio Solution File, Format Version 12.00
# Visual Studio Version 17
VisualStudioVersion = 17.13.35825.156
MinimumVisualStudioVersion = 10.0.40219.1
Project("{2150E333-8FDC-42A3-9474-1A3956D46DE8}") = "Documentation", "Documentation", "{8EC462FD-D22E-90A8-E5CE-7E832BA40C5D}"
	ProjectSection(SolutionItems) = preProject
		BrainDump.md = BrainDump.md
		LICENSE = LICENSE
		README.md = README.md
	EndProjectSection
EndProject
Project("{FAE04EC0-301F-11D3-BF4B-00C04F79EFBC}") = "Company.Api", "Company.Api\Company.Api.csproj", "{3CCE4CC3-9D18-0059-8811-B0DAA60F8EFD}"
EndProject
Project("{FAE04EC0-301F-11D3-BF4B-00C04F79EFBC}") = "Company.Api.Tests.Integration", "Company.Api.Tests.Integration\Company.Api.Tests.Integration.csproj", "{D6FC934A-4E32-DF7A-73E4-D93EBA45F328}"
EndProject
Global
	GlobalSection(SolutionConfigurationPlatforms) = preSolution
		Debug|Any CPU = Debug|Any CPU
		Release|Any CPU = Release|Any CPU
	EndGlobalSection
	GlobalSection(ProjectConfigurationPlatforms) = postSolution
		{3CCE4CC3-9D18-0059-8811-B0DAA60F8EFD}.Debug|Any CPU.ActiveCfg = Debug|Any CPU
		{3CCE4CC3-9D18-0059-8811-B0DAA60F8EFD}.Debug|Any CPU.Build.0 = Debug|Any CPU
		{3CCE4CC3-9D18-0059-8811-B0DAA60F8EFD}.Release|Any CPU.ActiveCfg = Release|Any CPU
		{3CCE4CC3-9D18-0059-8811-B0DAA60F8EFD}.Release|Any CPU.Build.0 = Release|Any CPU
		{D6FC934A-4E32-DF7A-73E4-D93EBA45F328}.Debug|Any CPU.ActiveCfg = Debug|Any CPU
		{D6FC934A-4E32-DF7A-73E4-D93EBA45F328}.Debug|Any CPU.Build.0 = Debug|Any CPU
		{D6FC934A-4E32-DF7A-73E4-D93EBA45F328}.Release|Any CPU.ActiveCfg = Release|Any CPU
		{D6FC934A-4E32-DF7A-73E4-D93EBA45F328}.Release|Any CPU.Build.0 = Release|Any CPU
	EndGlobalSection
	GlobalSection(SolutionProperties) = preSolution
		HideSolutionNode = FALSE
	EndGlobalSection
	GlobalSection(ExtensibilityGlobals) = postSolution
		SolutionGuid = {1F1D9028-50D6-4537-B4CE-CED6DE07F511}
	EndGlobalSection
EndGlobal
